PODS:
  - Analytics (3.7.1)
  - Expecta (1.0.6)
  - Flurry-iOS-SDK (10.2.0):
    - Flurry-iOS-SDK/FlurrySDK (= 10.2.0)
  - Flurry-iOS-SDK/FlurrySDK (10.2.0)
  - OCHamcrest (7.1.2)
  - OCMockito (5.1.3):
    - OCHamcrest (~> 7.0)
  - Segment-Flurry (1.1.0):
    - Analytics (~> 3.0)
    - Flurry-iOS-SDK (~> 10.2.0)
  - Specta (1.0.7)

DEPENDENCIES:
  - Expecta
  - OCMockito
  - Segment-Flurry (from `../`)
  - Specta

SPEC REPOS:
  trunk:
    - Analytics
    - Expecta
    - Flurry-iOS-SDK
    - OCHamcrest
    - OCMockito
    - Specta

EXTERNAL SOURCES:
  Segment-Flurry:
    :path: "../"

SPEC CHECKSUMS:
  Analytics: f82f3cd6d3c8fbfd76ce25773199576656981a4a
  Expecta: 3b6bd90a64b9a1dcb0b70aa0e10a7f8f631667d5
  Flurry-iOS-SDK: ca3540dd9607a05a8a13a7dd36dfffdd5e0fd0ef
  OCHamcrest: b284c9592c28c1e4025a8542e67ea41a635d0d73
  OCMockito: 677cbb4a18fd492b5a4fb10144dada4de5ddb877
  Segment-Flurry: 8690bfd728046b9b49252e7ecbabdc4cebdf7979
  Specta: 3e1bd89c3517421982dc4d1c992503e48bd5fe66

PODFILE CHECKSUM: 724b785d1616828b127cf80906984f5d52080b33

COCOAPODS: 1.8.4
