PODS:
  - Analytics (3.0.7)
  - Expecta (1.0.5)
  - Flurry-iOS-SDK (7.5.2):
    - Flurry-iOS-SDK/FlurrySDK (= 7.5.2)
  - Flurry-iOS-SDK/FlurrySDK (7.5.2)
  - Segment-Flurry (1.0.1):
    - Analytics (~> 3.0.0)
    - Flurry-iOS-SDK (~> 7.5.2)
  - Specta (1.0.5)

DEPENDENCIES:
  - Expecta
  - Segment-Flurry (from `../`)
  - Specta

EXTERNAL SOURCES:
  Segment-Flurry:
    :path: ../

SPEC CHECKSUMS:
  Analytics: b342fb4f43fa4f97ca6f4358b44d3295217ba294
  Expecta: e1c022fcd33910b6be89c291d2775b3fe27a89fe
  Flurry-iOS-SDK: 8c87c4eab6008184ad9f63afabd79ec0d109c82e
  Segment-Flurry: d46a0b037f66817da1d94581e25b2c091ad5fbaf
  Specta: ac94d110b865115fe60ff2c6d7281053c6f8e8a2

COCOAPODS: 0.39.0
